// !$*UTF8*$!
{
	archiveVersion = 1;
	classes = {
	};
	objectVersion = 56;
	objects = {

/* Begin PBXBuildFile section */
		847BE8772D25FC0100A79E82 /* Localizable.strings in Resources */ = {isa = PBXBuildFile; fileRef = 847BE8792D25FC0100A79E82 /* Localizable.strings */; };
		847CBA122D01362400B8553F /* ProductCartPresentation in Frameworks */ = {isa = PBXBuildFile; productRef = 847CBA112D01362400B8553F /* ProductCartPresentation */; };
		847D18AC2CF8984700A2018E /* Home in Frameworks */ = {isa = PBXBuildFile; productRef = 847D18AB2CF8984700A2018E /* Home */; };
		847D18B22CF8984700A2018E /* ProductCartFeature in Frameworks */ = {isa = PBXBuildFile; productRef = 847D18B12CF8984700A2018E /* ProductCartFeature */; };
		847D18B62CF8984700A2018E /* ProductDiscoverFeature in Frameworks */ = {isa = PBXBuildFile; productRef = 847D18B52CF8984700A2018E /* ProductDiscoverFeature */; };
		847D18B82CF8984700A2018E /* ProductSearchFeature in Frameworks */ = {isa = PBXBuildFile; productRef = 847D18B72CF8984700A2018E /* ProductSearchFeature */; };
		847E43472CE8F718008EBF43 /* ECommerceApp.swift in Sources */ = {isa = PBXBuildFile; fileRef = 847E43462CE8F718008EBF43 /* ECommerceApp.swift */; };
		847E434B2CE8F71A008EBF43 /* Assets.xcassets in Resources */ = {isa = PBXBuildFile; fileRef = 847E434A2CE8F71A008EBF43 /* Assets.xcassets */; };
		847E434E2CE8F71A008EBF43 /* Preview Assets.xcassets in Resources */ = {isa = PBXBuildFile; fileRef = 847E434D2CE8F71A008EBF43 /* Preview Assets.xcassets */; };
		847E43572CE904D5008EBF43 /* App in Frameworks */ = {isa = PBXBuildFile; productRef = 847E43562CE904D5008EBF43 /* App */; };
		847EB20B2CF9E1DD00213DDE /* CoreEntities in Frameworks */ = {isa = PBXBuildFile; productRef = 847EB20A2CF9E1DD00213DDE /* CoreEntities */; };
		847EB20F2CF9E1E800213DDE /* CoreRepositories in Frameworks */ = {isa = PBXBuildFile; productRef = 847EB20E2CF9E1E800213DDE /* CoreRepositories */; };
		847EB2112CF9E1E800213DDE /* CoreStyleguide in Frameworks */ = {isa = PBXBuildFile; productRef = 847EB2102CF9E1E800213DDE /* CoreStyleguide */; };
		847EB2132CF9E1E800213DDE /* CoreUseCases in Frameworks */ = {isa = PBXBuildFile; productRef = 847EB2122CF9E1E800213DDE /* CoreUseCases */; };
		847EB2192CFA371B00213DDE /* ProfileFeature in Frameworks */ = {isa = PBXBuildFile; productRef = 847EB2182CFA371B00213DDE /* ProfileFeature */; };
		847EDFD52CEA330200F3FB81 /* Core in Frameworks */ = {isa = PBXBuildFile; productRef = 847EDFD42CEA330200F3FB81 /* Core */; };
		847EDFD92CEA330300F3FB81 /* WelcomeFeature in Frameworks */ = {isa = PBXBuildFile; productRef = 847EDFD82CEA330300F3FB81 /* WelcomeFeature */; };
		847EDFDB2CEA645F00F3FB81 /* WelcomeData in Frameworks */ = {isa = PBXBuildFile; productRef = 847EDFDA2CEA645F00F3FB81 /* WelcomeData */; };
		847EDFDD2CEA646400F3FB81 /* WelcomeDomain in Frameworks */ = {isa = PBXBuildFile; productRef = 847EDFDC2CEA646400F3FB81 /* WelcomeDomain */; };
		847EDFDF2CEA646400F3FB81 /* WelcomePresentation in Frameworks */ = {isa = PBXBuildFile; productRef = 847EDFDE2CEA646400F3FB81 /* WelcomePresentation */; };
		847EDFE12CEA646400F3FB81 /* WelcomeRepositoryProtocol in Frameworks */ = {isa = PBXBuildFile; productRef = 847EDFE02CEA646400F3FB81 /* WelcomeRepositoryProtocol */; };
		847FA94E2D0F8B2A00AF7522 /* ProfileDomain in Frameworks */ = {isa = PBXBuildFile; productRef = 847FA94D2D0F8B2A00AF7522 /* ProfileDomain */; };
		847FA9502D0F8B2A00AF7522 /* ProfilePresentation in Frameworks */ = {isa = PBXBuildFile; productRef = 847FA94F2D0F8B2A00AF7522 /* ProfilePresentation */; };
		847FA9522D0F8B2A00AF7522 /* ProfileRepository in Frameworks */ = {isa = PBXBuildFile; productRef = 847FA9512D0F8B2A00AF7522 /* ProfileRepository */; };
		847FA9542D0F8B2A00AF7522 /* ProfileRepositoryProtocol in Frameworks */ = {isa = PBXBuildFile; productRef = 847FA9532D0F8B2A00AF7522 /* ProfileRepositoryProtocol */; };
		847FA9562D0F8B6100AF7522 /* ProductSearchDomain in Frameworks */ = {isa = PBXBuildFile; productRef = 847FA9552D0F8B6100AF7522 /* ProductSearchDomain */; };
		847FA9582D0F8B6100AF7522 /* ProductSearchEntities in Frameworks */ = {isa = PBXBuildFile; productRef = 847FA9572D0F8B6100AF7522 /* ProductSearchEntities */; };
		847FA95A2D0F8B6100AF7522 /* ProductSearchPresentation in Frameworks */ = {isa = PBXBuildFile; productRef = 847FA9592D0F8B6100AF7522 /* ProductSearchPresentation */; };
		847FA95C2D0F8B6100AF7522 /* ProductSearchRepository in Frameworks */ = {isa = PBXBuildFile; productRef = 847FA95B2D0F8B6100AF7522 /* ProductSearchRepository */; };
		847FA95E2D0F8B6100AF7522 /* ProductSearchRepositoryProtocol in Frameworks */ = {isa = PBXBuildFile; productRef = 847FA95D2D0F8B6100AF7522 /* ProductSearchRepositoryProtocol */; };
		848B3CA42CFD0B0E00188A68 /* ProductDiscoverDomain in Frameworks */ = {isa = PBXBuildFile; productRef = 848B3CA32CFD0B0E00188A68 /* ProductDiscoverDomain */; };
		848B3CA62CFD0B0E00188A68 /* ProductDiscoverPresentation in Frameworks */ = {isa = PBXBuildFile; productRef = 848B3CA52CFD0B0E00188A68 /* ProductDiscoverPresentation */; };
		848B3CA82CFD0B0E00188A68 /* ProductDiscoverRepository in Frameworks */ = {isa = PBXBuildFile; productRef = 848B3CA72CFD0B0E00188A68 /* ProductDiscoverRepository */; };
		848B3CAA2CFD0B0E00188A68 /* ProductDiscoverRepositoryProtocol in Frameworks */ = {isa = PBXBuildFile; productRef = 848B3CA92CFD0B0E00188A68 /* ProductDiscoverRepositoryProtocol */; };
/* End PBXBuildFile section */

/* Begin PBXFileReference section */
		847BE8782D25FC0100A79E82 /* en */ = {isa = PBXFileReference; lastKnownFileType = text.plist.strings; name = en; path = en.lproj/Localizable.strings; sourceTree = "<group>"; };
		847D18A22CF895E500A2018E /* Home */ = {isa = PBXFileReference; lastKnownFileType = wrapper; path = Home; sourceTree = "<group>"; };
		847D18A32CF895F300A2018E /* ProductDiscoverFeature */ = {isa = PBXFileReference; lastKnownFileType = wrapper; path = ProductDiscoverFeature; sourceTree = "<group>"; };
		847D18A42CF895F900A2018E /* ProductDiscoverDependencies */ = {isa = PBXFileReference; lastKnownFileType = wrapper; path = ProductDiscoverDependencies; sourceTree = "<group>"; };
		847D18A52CF8960000A2018E /* ProductSearchFeature */ = {isa = PBXFileReference; lastKnownFileType = wrapper; path = ProductSearchFeature; sourceTree = "<group>"; };
		847D18A72CF8960A00A2018E /* ProductCartFeature */ = {isa = PBXFileReference; lastKnownFileType = wrapper; path = ProductCartFeature; sourceTree = "<group>"; };
		847D18A82CF8960D00A2018E /* ProductCartDependencies */ = {isa = PBXFileReference; lastKnownFileType = wrapper; path = ProductCartDependencies; sourceTree = "<group>"; };
		847D18AA2CF8962900A2018E /* ProfileDependencies */ = {isa = PBXFileReference; lastKnownFileType = wrapper; path = ProfileDependencies; sourceTree = "<group>"; };
		847E43432CE8F718008EBF43 /* ECommerce.app */ = {isa = PBXFileReference; explicitFileType = wrapper.application; includeInIndex = 0; path = ECommerce.app; sourceTree = BUILT_PRODUCTS_DIR; };
		847E43462CE8F718008EBF43 /* ECommerceApp.swift */ = {isa = PBXFileReference; lastKnownFileType = sourcecode.swift; path = ECommerceApp.swift; sourceTree = "<group>"; };
		847E434A2CE8F71A008EBF43 /* Assets.xcassets */ = {isa = PBXFileReference; lastKnownFileType = folder.assetcatalog; path = Assets.xcassets; sourceTree = "<group>"; };
		847E434D2CE8F71A008EBF43 /* Preview Assets.xcassets */ = {isa = PBXFileReference; lastKnownFileType = folder.assetcatalog; path = "Preview Assets.xcassets"; sourceTree = "<group>"; };
		847E43542CE90487008EBF43 /* App */ = {isa = PBXFileReference; lastKnownFileType = wrapper; path = App; sourceTree = "<group>"; };
		847E43582CE93F0F008EBF43 /* Core */ = {isa = PBXFileReference; lastKnownFileType = wrapper; path = Core; sourceTree = "<group>"; };
		847EB2172CFA36FF00213DDE /* ProfileFeature */ = {isa = PBXFileReference; lastKnownFileType = wrapper; path = ProfileFeature; sourceTree = "<group>"; };
		847EDFD22CEA32D900F3FB81 /* WelcomeFeature */ = {isa = PBXFileReference; lastKnownFileType = wrapper; path = WelcomeFeature; sourceTree = "<group>"; };
		847EDFD32CEA32DF00F3FB81 /* WelcomeDependencies */ = {isa = PBXFileReference; lastKnownFileType = wrapper; path = WelcomeDependencies; sourceTree = "<group>"; };
		84842F5F2D36F546000041FE /* fr */ = {isa = PBXFileReference; lastKnownFileType = text.plist.strings; name = fr; path = fr.lproj/Localizable.strings; sourceTree = "<group>"; };
		8494DA3E2D0905980063E569 /* ProductSearchDependencies */ = {isa = PBXFileReference; lastKnownFileType = wrapper; path = ProductSearchDependencies; sourceTree = "<group>"; };
/* End PBXFileReference section */

/* Begin PBXFrameworksBuildPhase section */
		847E43402CE8F718008EBF43 /* Frameworks */ = {
			isa = PBXFrameworksBuildPhase;
			buildActionMask = 2147483647;
			files = (
				847FA95E2D0F8B6100AF7522 /* ProductSearchRepositoryProtocol in Frameworks */,
				848B3CAA2CFD0B0E00188A68 /* ProductDiscoverRepositoryProtocol in Frameworks */,
				847CBA122D01362400B8553F /* ProductCartPresentation in Frameworks */,
				847E43572CE904D5008EBF43 /* App in Frameworks */,
				847EDFDB2CEA645F00F3FB81 /* WelcomeData in Frameworks */,
				847EB20B2CF9E1DD00213DDE /* CoreEntities in Frameworks */,
				847EDFE12CEA646400F3FB81 /* WelcomeRepositoryProtocol in Frameworks */,
				847EDFD52CEA330200F3FB81 /* Core in Frameworks */,
				847FA9582D0F8B6100AF7522 /* ProductSearchEntities in Frameworks */,
				847EB20F2CF9E1E800213DDE /* CoreRepositories in Frameworks */,
				847FA9502D0F8B2A00AF7522 /* ProfilePresentation in Frameworks */,
				847D18B82CF8984700A2018E /* ProductSearchFeature in Frameworks */,
				847FA9522D0F8B2A00AF7522 /* ProfileRepository in Frameworks */,
				847EB2132CF9E1E800213DDE /* CoreUseCases in Frameworks */,
				847EB2192CFA371B00213DDE /* ProfileFeature in Frameworks */,
				847EDFDF2CEA646400F3FB81 /* WelcomePresentation in Frameworks */,
				848B3CA82CFD0B0E00188A68 /* ProductDiscoverRepository in Frameworks */,
				847FA95C2D0F8B6100AF7522 /* ProductSearchRepository in Frameworks */,
				847FA95A2D0F8B6100AF7522 /* ProductSearchPresentation in Frameworks */,
				847EDFDD2CEA646400F3FB81 /* WelcomeDomain in Frameworks */,
				847D18B22CF8984700A2018E /* ProductCartFeature in Frameworks */,
				847D18B62CF8984700A2018E /* ProductDiscoverFeature in Frameworks */,
				847FA9562D0F8B6100AF7522 /* ProductSearchDomain in Frameworks */,
				847FA94E2D0F8B2A00AF7522 /* ProfileDomain in Frameworks */,
				847EDFD92CEA330300F3FB81 /* WelcomeFeature in Frameworks */,
				847D18AC2CF8984700A2018E /* Home in Frameworks */,
				848B3CA42CFD0B0E00188A68 /* ProductDiscoverDomain in Frameworks */,
				847FA9542D0F8B2A00AF7522 /* ProfileRepositoryProtocol in Frameworks */,
				847EB2112CF9E1E800213DDE /* CoreStyleguide in Frameworks */,
				848B3CA62CFD0B0E00188A68 /* ProductDiscoverPresentation in Frameworks */,
			);
			runOnlyForDeploymentPostprocessing = 0;
		};
/* End PBXFrameworksBuildPhase section */

/* Begin PBXGroup section */
		847E433A2CE8F718008EBF43 = {
			isa = PBXGroup;
			children = (
				847D18AA2CF8962900A2018E /* ProfileDependencies */,
				847EB2172CFA36FF00213DDE /* ProfileFeature */,
				847D18A82CF8960D00A2018E /* ProductCartDependencies */,
				847D18A72CF8960A00A2018E /* ProductCartFeature */,
				8494DA3E2D0905980063E569 /* ProductSearchDependencies */,
				847D18A52CF8960000A2018E /* ProductSearchFeature */,
				847D18A42CF895F900A2018E /* ProductDiscoverDependencies */,
				847D18A32CF895F300A2018E /* ProductDiscoverFeature */,
				847D18A22CF895E500A2018E /* Home */,
				847EDFD32CEA32DF00F3FB81 /* WelcomeDependencies */,
				847EDFD22CEA32D900F3FB81 /* WelcomeFeature */,
				847E43542CE90487008EBF43 /* App */,
				847E43582CE93F0F008EBF43 /* Core */,
				847E43452CE8F718008EBF43 /* ECommerce */,
				847E43442CE8F718008EBF43 /* Products */,
				847E43552CE904D5008EBF43 /* Frameworks */,
			);
			sourceTree = "<group>";
		};
		847E43442CE8F718008EBF43 /* Products */ = {
			isa = PBXGroup;
			children = (
				847E43432CE8F718008EBF43 /* ECommerce.app */,
			);
			name = Products;
			sourceTree = "<group>";
		};
		847E43452CE8F718008EBF43 /* ECommerce */ = {
			isa = PBXGroup;
			children = (
				847E43462CE8F718008EBF43 /* ECommerceApp.swift */,
				847E434A2CE8F71A008EBF43 /* Assets.xcassets */,
				847E434C2CE8F71A008EBF43 /* Preview Content */,
				847BE8792D25FC0100A79E82 /* Localizable.strings */,
			);
			path = ECommerce;
			sourceTree = "<group>";
		};
		847E434C2CE8F71A008EBF43 /* Preview Content */ = {
			isa = PBXGroup;
			children = (
				847E434D2CE8F71A008EBF43 /* Preview Assets.xcassets */,
			);
			path = "Preview Content";
			sourceTree = "<group>";
		};
		847E43552CE904D5008EBF43 /* Frameworks */ = {
			isa = PBXGroup;
			children = (
			);
			name = Frameworks;
			sourceTree = "<group>";
		};
/* End PBXGroup section */

/* Begin PBXNativeTarget section */
		847E43422CE8F718008EBF43 /* ECommerce */ = {
			isa = PBXNativeTarget;
			buildConfigurationList = 847E43512CE8F71A008EBF43 /* Build configuration list for PBXNativeTarget "ECommerce" */;
			buildPhases = (
				847E433F2CE8F718008EBF43 /* Sources */,
				847E43402CE8F718008EBF43 /* Frameworks */,
				847E43412CE8F718008EBF43 /* Resources */,
				877355072D84A0AF008A9AB4 /* SwiftLint */,
			);
			buildRules = (
			);
			dependencies = (
			);
			name = ECommerce;
			packageProductDependencies = (
				847E43562CE904D5008EBF43 /* App */,
				847EDFD42CEA330200F3FB81 /* Core */,
				847EDFD82CEA330300F3FB81 /* WelcomeFeature */,
				847EDFDA2CEA645F00F3FB81 /* WelcomeData */,
				847EDFDC2CEA646400F3FB81 /* WelcomeDomain */,
				847EDFDE2CEA646400F3FB81 /* WelcomePresentation */,
				847EDFE02CEA646400F3FB81 /* WelcomeRepositoryProtocol */,
				847D18AB2CF8984700A2018E /* Home */,
				847D18B12CF8984700A2018E /* ProductCartFeature */,
				847D18B52CF8984700A2018E /* ProductDiscoverFeature */,
				847D18B72CF8984700A2018E /* ProductSearchFeature */,
				847EB20A2CF9E1DD00213DDE /* CoreEntities */,
				847EB20E2CF9E1E800213DDE /* CoreRepositories */,
				847EB2102CF9E1E800213DDE /* CoreStyleguide */,
				847EB2122CF9E1E800213DDE /* CoreUseCases */,
				847EB2182CFA371B00213DDE /* ProfileFeature */,
				848B3CA32CFD0B0E00188A68 /* ProductDiscoverDomain */,
				848B3CA52CFD0B0E00188A68 /* ProductDiscoverPresentation */,
				848B3CA72CFD0B0E00188A68 /* ProductDiscoverRepository */,
				848B3CA92CFD0B0E00188A68 /* ProductDiscoverRepositoryProtocol */,
				847CBA112D01362400B8553F /* ProductCartPresentation */,
				847FA94D2D0F8B2A00AF7522 /* ProfileDomain */,
				847FA94F2D0F8B2A00AF7522 /* ProfilePresentation */,
				847FA9512D0F8B2A00AF7522 /* ProfileRepository */,
				847FA9532D0F8B2A00AF7522 /* ProfileRepositoryProtocol */,
				847FA9552D0F8B6100AF7522 /* ProductSearchDomain */,
				847FA9572D0F8B6100AF7522 /* ProductSearchEntities */,
				847FA9592D0F8B6100AF7522 /* ProductSearchPresentation */,
				847FA95B2D0F8B6100AF7522 /* ProductSearchRepository */,
				847FA95D2D0F8B6100AF7522 /* ProductSearchRepositoryProtocol */,
			);
			productName = ECommerce;
			productReference = 847E43432CE8F718008EBF43 /* ECommerce.app */;
			productType = "com.apple.product-type.application";
		};
/* End PBXNativeTarget section */

/* Begin PBXProject section */
		847E433B2CE8F718008EBF43 /* Project object */ = {
			isa = PBXProject;
			attributes = {
				BuildIndependentTargetsInParallel = 1;
				LastSwiftUpdateCheck = 1420;
				LastUpgradeCheck = 1620;
				TargetAttributes = {
					847E43422CE8F718008EBF43 = {
						CreatedOnToolsVersion = 14.2;
					};
				};
			};
			buildConfigurationList = 847E433E2CE8F718008EBF43 /* Build configuration list for PBXProject "ECommerce" */;
			compatibilityVersion = "Xcode 14.0";
			developmentRegion = en;
			hasScannedForEncodings = 0;
			knownRegions = (
				en,
				Base,
				fr,
			);
			mainGroup = 847E433A2CE8F718008EBF43;
			productRefGroup = 847E43442CE8F718008EBF43 /* Products */;
			projectDirPath = "";
			projectRoot = "";
			targets = (
				847E43422CE8F718008EBF43 /* ECommerce */,
			);
		};
/* End PBXProject section */

/* Begin PBXResourcesBuildPhase section */
		847E43412CE8F718008EBF43 /* Resources */ = {
			isa = PBXResourcesBuildPhase;
			buildActionMask = 2147483647;
			files = (
				847E434E2CE8F71A008EBF43 /* Preview Assets.xcassets in Resources */,
				847BE8772D25FC0100A79E82 /* Localizable.strings in Resources */,
				847E434B2CE8F71A008EBF43 /* Assets.xcassets in Resources */,
			);
			runOnlyForDeploymentPostprocessing = 0;
		};
/* End PBXResourcesBuildPhase section */

/* Begin PBXShellScriptBuildPhase section */
		877355072D84A0AF008A9AB4 /* SwiftLint */ = {
			isa = PBXShellScriptBuildPhase;
			buildActionMask = 2147483647;
			files = (
			);
			inputFileListPaths = (
			);
			inputPaths = (
			);
			name = SwiftLint;
			outputFileListPaths = (
			);
			outputPaths = (
			);
			runOnlyForDeploymentPostprocessing = 0;
			shellPath = /bin/sh;
			shellScript = "# Type a script or drag a script file from your workspace to insert its path.\nif [[ \"$(uname -m)\" == arm64 ]]\nthen\n    export PATH=\"/opt/homebrew/bin:$PATH\"\nfi\n\nif command -v swiftlint >/dev/null 2>&1\nthen\n    swiftlint\nelse\n    echo \"warning: `swiftlint` command not found - See https://github.com/realm/SwiftLint#installation for installation instructions.\"\nfi\n";
		};
/* End PBXShellScriptBuildPhase section */

/* Begin PBXSourcesBuildPhase section */
		847E433F2CE8F718008EBF43 /* Sources */ = {
			isa = PBXSourcesBuildPhase;
			buildActionMask = 2147483647;
			files = (
				847E43472CE8F718008EBF43 /* ECommerceApp.swift in Sources */,
			);
			runOnlyForDeploymentPostprocessing = 0;
		};
/* End PBXSourcesBuildPhase section */

/* Begin PBXVariantGroup section */
		847BE8792D25FC0100A79E82 /* Localizable.strings */ = {
			isa = PBXVariantGroup;
			children = (
				847BE8782D25FC0100A79E82 /* en */,
				84842F5F2D36F546000041FE /* fr */,
			);
			name = Localizable.strings;
			sourceTree = "<group>";
		};
/* End PBXVariantGroup section */

/* Begin XCBuildConfiguration section */
		847E434F2CE8F71A008EBF43 /* Debug */ = {
			isa = XCBuildConfiguration;
			buildSettings = {
				ALWAYS_SEARCH_USER_PATHS = NO;
				CLANG_ANALYZER_LOCALIZABILITY_NONLOCALIZED = YES;
				CLANG_ANALYZER_NONNULL = YES;
				CLANG_ANALYZER_NUMBER_OBJECT_CONVERSION = YES_AGGRESSIVE;
				CLANG_CXX_LANGUAGE_STANDARD = "gnu++20";
				CLANG_ENABLE_MODULES = YES;
				CLANG_ENABLE_OBJC_ARC = YES;
				CLANG_ENABLE_OBJC_WEAK = YES;
				CLANG_WARN_BLOCK_CAPTURE_AUTORELEASING = YES;
				CLANG_WARN_BOOL_CONVERSION = YES;
				CLANG_WARN_COMMA = YES;
				CLANG_WARN_CONSTANT_CONVERSION = YES;
				CLANG_WARN_DEPRECATED_OBJC_IMPLEMENTATIONS = YES;
				CLANG_WARN_DIRECT_OBJC_ISA_USAGE = YES_ERROR;
				CLANG_WARN_DOCUMENTATION_COMMENTS = YES;
				CLANG_WARN_EMPTY_BODY = YES;
				CLANG_WARN_ENUM_CONVERSION = YES;
				CLANG_WARN_INFINITE_RECURSION = YES;
				CLANG_WARN_INT_CONVERSION = YES;
				CLANG_WARN_NON_LITERAL_NULL_CONVERSION = YES;
				CLANG_WARN_OBJC_IMPLICIT_RETAIN_SELF = YES;
				CLANG_WARN_OBJC_LITERAL_CONVERSION = YES;
				CLANG_WARN_OBJC_ROOT_CLASS = YES_ERROR;
				CLANG_WARN_QUOTED_INCLUDE_IN_FRAMEWORK_HEADER = YES;
				CLANG_WARN_RANGE_LOOP_ANALYSIS = YES;
				CLANG_WARN_STRICT_PROTOTYPES = YES;
				CLANG_WARN_SUSPICIOUS_MOVE = YES;
				CLANG_WARN_UNGUARDED_AVAILABILITY = YES_AGGRESSIVE;
				CLANG_WARN_UNREACHABLE_CODE = YES;
				CLANG_WARN__DUPLICATE_METHOD_MATCH = YES;
				COPY_PHASE_STRIP = NO;
				DEBUG_INFORMATION_FORMAT = dwarf;
				ENABLE_STRICT_OBJC_MSGSEND = YES;
				ENABLE_TESTABILITY = YES;
				GCC_C_LANGUAGE_STANDARD = gnu11;
				GCC_DYNAMIC_NO_PIC = NO;
				GCC_NO_COMMON_BLOCKS = YES;
				GCC_OPTIMIZATION_LEVEL = 0;
				GCC_PREPROCESSOR_DEFINITIONS = (
					"DEBUG=1",
					"$(inherited)",
				);
				GCC_WARN_64_TO_32_BIT_CONVERSION = YES;
				GCC_WARN_ABOUT_RETURN_TYPE = YES_ERROR;
				GCC_WARN_UNDECLARED_SELECTOR = YES;
				GCC_WARN_UNINITIALIZED_AUTOS = YES_AGGRESSIVE;
				GCC_WARN_UNUSED_FUNCTION = YES;
				GCC_WARN_UNUSED_VARIABLE = YES;
				IPHONEOS_DEPLOYMENT_TARGET = 16.2;
				MTL_ENABLE_DEBUG_INFO = INCLUDE_SOURCE;
				MTL_FAST_MATH = YES;
				ONLY_ACTIVE_ARCH = YES;
				SDKROOT = iphoneos;
				SWIFT_ACTIVE_COMPILATION_CONDITIONS = DEBUG;
				SWIFT_OPTIMIZATION_LEVEL = "-Onone";
			};
			name = Debug;
		};
		847E43502CE8F71A008EBF43 /* Release */ = {
			isa = XCBuildConfiguration;
			buildSettings = {
				ALWAYS_SEARCH_USER_PATHS = NO;
				CLANG_ANALYZER_LOCALIZABILITY_NONLOCALIZED = YES;
				CLANG_ANALYZER_NONNULL = YES;
				CLANG_ANALYZER_NUMBER_OBJECT_CONVERSION = YES_AGGRESSIVE;
				CLANG_CXX_LANGUAGE_STANDARD = "gnu++20";
				CLANG_ENABLE_MODULES = YES;
				CLANG_ENABLE_OBJC_ARC = YES;
				CLANG_ENABLE_OBJC_WEAK = YES;
				CLANG_WARN_BLOCK_CAPTURE_AUTORELEASING = YES;
				CLANG_WARN_BOOL_CONVERSION = YES;
				CLANG_WARN_COMMA = YES;
				CLANG_WARN_CONSTANT_CONVERSION = YES;
				CLANG_WARN_DEPRECATED_OBJC_IMPLEMENTATIONS = YES;
				CLANG_WARN_DIRECT_OBJC_ISA_USAGE = YES_ERROR;
				CLANG_WARN_DOCUMENTATION_COMMENTS = YES;
				CLANG_WARN_EMPTY_BODY = YES;
				CLANG_WARN_ENUM_CONVERSION = YES;
				CLANG_WARN_INFINITE_RECURSION = YES;
				CLANG_WARN_INT_CONVERSION = YES;
				CLANG_WARN_NON_LITERAL_NULL_CONVERSION = YES;
				CLANG_WARN_OBJC_IMPLICIT_RETAIN_SELF = YES;
				CLANG_WARN_OBJC_LITERAL_CONVERSION = YES;
				CLANG_WARN_OBJC_ROOT_CLASS = YES_ERROR;
				CLANG_WARN_QUOTED_INCLUDE_IN_FRAMEWORK_HEADER = YES;
				CLANG_WARN_RANGE_LOOP_ANALYSIS = YES;
				CLANG_WARN_STRICT_PROTOTYPES = YES;
				CLANG_WARN_SUSPICIOUS_MOVE = YES;
				CLANG_WARN_UNGUARDED_AVAILABILITY = YES_AGGRESSIVE;
				CLANG_WARN_UNREACHABLE_CODE = YES;
				CLANG_WARN__DUPLICATE_METHOD_MATCH = YES;
				COPY_PHASE_STRIP = NO;
				DEBUG_INFORMATION_FORMAT = "dwarf-with-dsym";
				ENABLE_NS_ASSERTIONS = NO;
				ENABLE_STRICT_OBJC_MSGSEND = YES;
				GCC_C_LANGUAGE_STANDARD = gnu11;
				GCC_NO_COMMON_BLOCKS = YES;
				GCC_WARN_64_TO_32_BIT_CONVERSION = YES;
				GCC_WARN_ABOUT_RETURN_TYPE = YES_ERROR;
				GCC_WARN_UNDECLARED_SELECTOR = YES;
				GCC_WARN_UNINITIALIZED_AUTOS = YES_AGGRESSIVE;
				GCC_WARN_UNUSED_FUNCTION = YES;
				GCC_WARN_UNUSED_VARIABLE = YES;
				IPHONEOS_DEPLOYMENT_TARGET = 16.2;
				MTL_ENABLE_DEBUG_INFO = NO;
				MTL_FAST_MATH = YES;
				SDKROOT = iphoneos;
				SWIFT_COMPILATION_MODE = wholemodule;
				SWIFT_OPTIMIZATION_LEVEL = "-O";
				VALIDATE_PRODUCT = YES;
			};
			name = Release;
		};
		847E43522CE8F71A008EBF43 /* Debug */ = {
			isa = XCBuildConfiguration;
			buildSettings = {
				ASSETCATALOG_COMPILER_APPICON_NAME = AppIcon;
				ASSETCATALOG_COMPILER_GLOBAL_ACCENT_COLOR_NAME = AccentColor;
				CODE_SIGN_STYLE = Automatic;
				CURRENT_PROJECT_VERSION = 1;
				DEVELOPMENT_ASSET_PATHS = "\"ECommerce/Preview Content\"";
				ENABLE_PREVIEWS = YES;
				GENERATE_INFOPLIST_FILE = YES;
				INFOPLIST_KEY_UIApplicationSceneManifest_Generation = YES;
				INFOPLIST_KEY_UIApplicationSupportsIndirectInputEvents = YES;
				INFOPLIST_KEY_UILaunchScreen_Generation = YES;
				INFOPLIST_KEY_UISupportedInterfaceOrientations_iPad = "UIInterfaceOrientationPortrait UIInterfaceOrientationPortraitUpsideDown UIInterfaceOrientationLandscapeLeft UIInterfaceOrientationLandscapeRight";
				INFOPLIST_KEY_UISupportedInterfaceOrientations_iPhone = "UIInterfaceOrientationPortrait UIInterfaceOrientationLandscapeLeft UIInterfaceOrientationLandscapeRight";
				LD_RUNPATH_SEARCH_PATHS = (
					"$(inherited)",
					"@executable_path/Frameworks",
				);
				MARKETING_VERSION = 1.0;
				PRODUCT_BUNDLE_IDENTIFIER = com.ECommerce;
				PRODUCT_NAME = "$(TARGET_NAME)";
				SWIFT_EMIT_LOC_STRINGS = YES;
				SWIFT_VERSION = 5.0;
				TARGETED_DEVICE_FAMILY = "1,2";
			};
			name = Debug;
		};
		847E43532CE8F71A008EBF43 /* Release */ = {
			isa = XCBuildConfiguration;
			buildSettings = {
				ASSETCATALOG_COMPILER_APPICON_NAME = AppIcon;
				ASSETCATALOG_COMPILER_GLOBAL_ACCENT_COLOR_NAME = AccentColor;
				CODE_SIGN_STYLE = Automatic;
				CURRENT_PROJECT_VERSION = 1;
				DEVELOPMENT_ASSET_PATHS = "\"ECommerce/Preview Content\"";
				ENABLE_PREVIEWS = YES;
				GENERATE_INFOPLIST_FILE = YES;
				INFOPLIST_KEY_UIApplicationSceneManifest_Generation = YES;
				INFOPLIST_KEY_UIApplicationSupportsIndirectInputEvents = YES;
				INFOPLIST_KEY_UILaunchScreen_Generation = YES;
				INFOPLIST_KEY_UISupportedInterfaceOrientations_iPad = "UIInterfaceOrientationPortrait UIInterfaceOrientationPortraitUpsideDown UIInterfaceOrientationLandscapeLeft UIInterfaceOrientationLandscapeRight";
				INFOPLIST_KEY_UISupportedInterfaceOrientations_iPhone = "UIInterfaceOrientationPortrait UIInterfaceOrientationLandscapeLeft UIInterfaceOrientationLandscapeRight";
				LD_RUNPATH_SEARCH_PATHS = (
					"$(inherited)",
					"@executable_path/Frameworks",
				);
				MARKETING_VERSION = 1.0;
				PRODUCT_BUNDLE_IDENTIFIER = com.ECommerce;
				PRODUCT_NAME = "$(TARGET_NAME)";
				SWIFT_EMIT_LOC_STRINGS = YES;
				SWIFT_VERSION = 5.0;
				TARGETED_DEVICE_FAMILY = "1,2";
			};
			name = Release;
		};
/* End XCBuildConfiguration section */

/* Begin XCConfigurationList section */
		847E433E2CE8F718008EBF43 /* Build configuration list for PBXProject "ECommerce" */ = {
			isa = XCConfigurationList;
			buildConfigurations = (
				847E434F2CE8F71A008EBF43 /* Debug */,
				847E43502CE8F71A008EBF43 /* Release */,
			);
			defaultConfigurationIsVisible = 0;
			defaultConfigurationName = Release;
		};
		847E43512CE8F71A008EBF43 /* Build configuration list for PBXNativeTarget "ECommerce" */ = {
			isa = XCConfigurationList;
			buildConfigurations = (
				847E43522CE8F71A008EBF43 /* Debug */,
				847E43532CE8F71A008EBF43 /* Release */,
			);
			defaultConfigurationIsVisible = 0;
			defaultConfigurationName = Release;
		};
/* End XCConfigurationList section */

/* Begin XCSwiftPackageProductDependency section */
		847CBA112D01362400B8553F /* ProductCartPresentation */ = {
			isa = XCSwiftPackageProductDependency;
			productName = ProductCartPresentation;
		};
		847D18AB2CF8984700A2018E /* Home */ = {
			isa = XCSwiftPackageProductDependency;
			productName = Home;
		};
		847D18B12CF8984700A2018E /* ProductCartFeature */ = {
			isa = XCSwiftPackageProductDependency;
			productName = ProductCartFeature;
		};
		847D18B52CF8984700A2018E /* ProductDiscoverFeature */ = {
			isa = XCSwiftPackageProductDependency;
			productName = ProductDiscoverFeature;
		};
		847D18B72CF8984700A2018E /* ProductSearchFeature */ = {
			isa = XCSwiftPackageProductDependency;
			productName = ProductSearchFeature;
		};
		847E43562CE904D5008EBF43 /* App */ = {
			isa = XCSwiftPackageProductDependency;
			productName = App;
		};
		847EB20A2CF9E1DD00213DDE /* CoreEntities */ = {
			isa = XCSwiftPackageProductDependency;
			productName = CoreEntities;
		};
		847EB20E2CF9E1E800213DDE /* CoreRepositories */ = {
			isa = XCSwiftPackageProductDependency;
			productName = CoreRepositories;
		};
		847EB2102CF9E1E800213DDE /* CoreStyleguide */ = {
			isa = XCSwiftPackageProductDependency;
			productName = CoreStyleguide;
		};
		847EB2122CF9E1E800213DDE /* CoreUseCases */ = {
			isa = XCSwiftPackageProductDependency;
			productName = CoreUseCases;
		};
		847EB2182CFA371B00213DDE /* ProfileFeature */ = {
			isa = XCSwiftPackageProductDependency;
			productName = ProfileFeature;
		};
		847EDFD42CEA330200F3FB81 /* Core */ = {
			isa = XCSwiftPackageProductDependency;
			productName = Core;
		};
		847EDFD82CEA330300F3FB81 /* WelcomeFeature */ = {
			isa = XCSwiftPackageProductDependency;
			productName = WelcomeFeature;
		};
		847EDFDA2CEA645F00F3FB81 /* WelcomeData */ = {
			isa = XCSwiftPackageProductDependency;
			productName = WelcomeData;
		};
		847EDFDC2CEA646400F3FB81 /* WelcomeDomain */ = {
			isa = XCSwiftPackageProductDependency;
			productName = WelcomeDomain;
		};
		847EDFDE2CEA646400F3FB81 /* WelcomePresentation */ = {
			isa = XCSwiftPackageProductDependency;
			productName = WelcomePresentation;
		};
		847EDFE02CEA646400F3FB81 /* WelcomeRepositoryProtocol */ = {
			isa = XCSwiftPackageProductDependency;
			productName = WelcomeRepositoryProtocol;
		};
		847FA94D2D0F8B2A00AF7522 /* ProfileDomain */ = {
			isa = XCSwiftPackageProductDependency;
			productName = ProfileDomain;
		};
		847FA94F2D0F8B2A00AF7522 /* ProfilePresentation */ = {
			isa = XCSwiftPackageProductDependency;
			productName = ProfilePresentation;
		};
		847FA9512D0F8B2A00AF7522 /* ProfileRepository */ = {
			isa = XCSwiftPackageProductDependency;
			productName = ProfileRepository;
		};
		847FA9532D0F8B2A00AF7522 /* ProfileRepositoryProtocol */ = {
			isa = XCSwiftPackageProductDependency;
			productName = ProfileRepositoryProtocol;
		};
		847FA9552D0F8B6100AF7522 /* ProductSearchDomain */ = {
			isa = XCSwiftPackageProductDependency;
			productName = ProductSearchDomain;
		};
		847FA9572D0F8B6100AF7522 /* ProductSearchEntities */ = {
			isa = XCSwiftPackageProductDependency;
			productName = ProductSearchEntities;
		};
		847FA9592D0F8B6100AF7522 /* ProductSearchPresentation */ = {
			isa = XCSwiftPackageProductDependency;
			productName = ProductSearchPresentation;
		};
		847FA95B2D0F8B6100AF7522 /* ProductSearchRepository */ = {
			isa = XCSwiftPackageProductDependency;
			productName = ProductSearchRepository;
		};
		847FA95D2D0F8B6100AF7522 /* ProductSearchRepositoryProtocol */ = {
			isa = XCSwiftPackageProductDependency;
			productName = ProductSearchRepositoryProtocol;
		};
		848B3CA32CFD0B0E00188A68 /* ProductDiscoverDomain */ = {
			isa = XCSwiftPackageProductDependency;
			productName = ProductDiscoverDomain;
		};
		848B3CA52CFD0B0E00188A68 /* ProductDiscoverPresentation */ = {
			isa = XCSwiftPackageProductDependency;
			productName = ProductDiscoverPresentation;
		};
		848B3CA72CFD0B0E00188A68 /* ProductDiscoverRepository */ = {
			isa = XCSwiftPackageProductDependency;
			productName = ProductDiscoverRepository;
		};
		848B3CA92CFD0B0E00188A68 /* ProductDiscoverRepositoryProtocol */ = {
			isa = XCSwiftPackageProductDependency;
			productName = ProductDiscoverRepositoryProtocol;
		};
/* End XCSwiftPackageProductDependency section */
	};
	rootObject = 847E433B2CE8F718008EBF43 /* Project object */;
}
